
Microsoft Visual Studio Solution File, Format Version 12.00
# Visual Studio Version 17
VisualStudioVersion = 17.6.33712.159
MinimumVisualStudioVersion = 10.0.40219.1
Project("{FAE04EC0-301F-11D3-BF4B-00C04F79EFBC}") = "RecapC#300", "RecapC#300.csproj", "{582F2BBA-8093-4693-90B6-C1D501A7735E}"
EndProject
Global
	GlobalSection(SolutionConfigurationPlatforms) = preSolution
		Debug|Any CPU = Debug|Any CPU
		Release|Any CPU = Release|Any CPU
	EndGlobalSection
	GlobalSection(ProjectConfigurationPlatforms) = postSolution
		{582F2BBA-8093-4693-90B6-C1D501A7735E}.Debug|Any CPU.ActiveCfg = Debug|Any CPU
		{582F2BBA-8093-4693-90B6-C1D501A7735E}.Debug|Any CPU.Build.0 = Debug|Any CPU
		{582F2BBA-8093-4693-90B6-C1D501A7735E}.Release|Any CPU.ActiveCfg = Release|Any CPU
		{582F2BBA-8093-4693-90B6-C1D501A7735E}.Release|Any CPU.Build.0 = Release|Any CPU
	EndGlobalSection
	GlobalSection(SolutionProperties) = preSolution
		HideSolutionNode = FALSE
	EndGlobalSection
	GlobalSection(ExtensibilityGlobals) = postSolution
		SolutionGuid = {DBB84132-322B-48A0-9717-5BBB8D1570A2}
	EndGlobalSection
EndGlobal
